
Microsoft Visual Studio Solution File, Format Version 12.00
# Visual Studio Version 16
VisualStudioVersion = 16.0.808.2
MinimumVisualStudioVersion = 10.0.40219.1
Project("{FAE04EC0-301F-11D3-BF4B-00C04F79EFBC}") = "Elim5Api", "Elim5Api\Elim5Api.csproj", "{8F5B38DE-6C0A-4F56-9BAA-0530860C550C}"
EndProject
Project("{FAE04EC0-301F-11D3-BF4B-00C04F79EFBC}") = "Domain", "Domain\Domain.csproj", "{BB1B189B-6445-495C-8DD8-B6921578D7B8}"
EndProject
Project("{FAE04EC0-301F-11D3-BF4B-00C04F79EFBC}") = "DataAccess", "DataAccess\DataAccess.csproj", "{087ED785-5122-418B-B589-758362D913E2}"
EndProject
Project("{FAE04EC0-301F-11D3-BF4B-00C04F79EFBC}") = "Business", "Negocio\Business.csproj", "{C8F417CB-B33D-4136-821C-237DCA267B72}"
EndProject
Global
	GlobalSection(SolutionConfigurationPlatforms) = preSolution
		Debug|Any CPU = Debug|Any CPU
		Release|Any CPU = Release|Any CPU
	EndGlobalSection
	GlobalSection(ProjectConfigurationPlatforms) = postSolution
		{8F5B38DE-6C0A-4F56-9BAA-0530860C550C}.Debug|Any CPU.ActiveCfg = Debug|Any CPU
		{8F5B38DE-6C0A-4F56-9BAA-0530860C550C}.Debug|Any CPU.Build.0 = Debug|Any CPU
		{8F5B38DE-6C0A-4F56-9BAA-0530860C550C}.Release|Any CPU.ActiveCfg = Release|Any CPU
		{8F5B38DE-6C0A-4F56-9BAA-0530860C550C}.Release|Any CPU.Build.0 = Release|Any CPU
		{BB1B189B-6445-495C-8DD8-B6921578D7B8}.Debug|Any CPU.ActiveCfg = Debug|Any CPU
		{BB1B189B-6445-495C-8DD8-B6921578D7B8}.Debug|Any CPU.Build.0 = Debug|Any CPU
		{BB1B189B-6445-495C-8DD8-B6921578D7B8}.Release|Any CPU.ActiveCfg = Release|Any CPU
		{BB1B189B-6445-495C-8DD8-B6921578D7B8}.Release|Any CPU.Build.0 = Release|Any CPU
		{087ED785-5122-418B-B589-758362D913E2}.Debug|Any CPU.ActiveCfg = Debug|Any CPU
		{087ED785-5122-418B-B589-758362D913E2}.Debug|Any CPU.Build.0 = Debug|Any CPU
		{087ED785-5122-418B-B589-758362D913E2}.Release|Any CPU.ActiveCfg = Release|Any CPU
		{087ED785-5122-418B-B589-758362D913E2}.Release|Any CPU.Build.0 = Release|Any CPU
		{C8F417CB-B33D-4136-821C-237DCA267B72}.Debug|Any CPU.ActiveCfg = Debug|Any CPU
		{C8F417CB-B33D-4136-821C-237DCA267B72}.Debug|Any CPU.Build.0 = Debug|Any CPU
		{C8F417CB-B33D-4136-821C-237DCA267B72}.Release|Any CPU.ActiveCfg = Release|Any CPU
		{C8F417CB-B33D-4136-821C-237DCA267B72}.Release|Any CPU.Build.0 = Release|Any CPU
	EndGlobalSection
	GlobalSection(SolutionProperties) = preSolution
		HideSolutionNode = FALSE
	EndGlobalSection
	GlobalSection(ExtensibilityGlobals) = postSolution
		SolutionGuid = {317ACFA6-FF7D-448A-A2C9-F37E13A0160B}
	EndGlobalSection
EndGlobal
